// !$*UTF8*$!
{
	archiveVersion = 1;
	classes = {
	};
	objectVersion = 50;
	objects = {

/* Begin PBXBuildFile section */
		030997B520E12DF0009ECA38 /* PacotesViagensViewController.swift in Sources */ = {isa = PBXBuildFile; fileRef = 030997B420E12DF0009ECA38 /* PacotesViagensViewController.swift */; };
		030B69CF20E153BA006B5424 /* DetalhesViagemViewController.swift in Sources */ = {isa = PBXBuildFile; fileRef = 030B69CE20E153BA006B5424 /* DetalhesViagemViewController.swift */; };
		036A96D120E168DB002EC6AA /* ConfirmacaoPagamentoViewController.swift in Sources */ = {isa = PBXBuildFile; fileRef = 036A96D020E168DB002EC6AA /* ConfirmacaoPagamentoViewController.swift */; };
		03715B2520DC050800F2250A /* AppDelegate.swift in Sources */ = {isa = PBXBuildFile; fileRef = 03715B2420DC050800F2250A /* AppDelegate.swift */; };
		03715B2A20DC050800F2250A /* Main.storyboard in Resources */ = {isa = PBXBuildFile; fileRef = 03715B2820DC050800F2250A /* Main.storyboard */; };
		03715B2D20DC050800F2250A /* Alura_Viagens.xcdatamodeld in Sources */ = {isa = PBXBuildFile; fileRef = 03715B2B20DC050800F2250A /* Alura_Viagens.xcdatamodeld */; };
		03715B2F20DC050A00F2250A /* Assets.xcassets in Resources */ = {isa = PBXBuildFile; fileRef = 03715B2E20DC050A00F2250A /* Assets.xcassets */; };
		03715B3220DC050A00F2250A /* LaunchScreen.storyboard in Resources */ = {isa = PBXBuildFile; fileRef = 03715B3020DC050A00F2250A /* LaunchScreen.storyboard */; };
		03715B3F20DC06BB00F2250A /* ViewController.swift in Sources */ = {isa = PBXBuildFile; fileRef = 03715B3E20DC06BB00F2250A /* ViewController.swift */; };
		0388B00420DC153D005F6A7C /* TableViewCell.swift in Sources */ = {isa = PBXBuildFile; fileRef = 0388B00320DC153D005F6A7C /* TableViewCell.swift */; };
		0388B00620DC156E005F6A7C /* PacotesCollectionViewCell.swift in Sources */ = {isa = PBXBuildFile; fileRef = 0388B00520DC156E005F6A7C /* PacotesCollectionViewCell.swift */; };
		0388B00820DC1763005F6A7C /* Viagem.swift in Sources */ = {isa = PBXBuildFile; fileRef = 0388B00720DC1763005F6A7C /* Viagem.swift */; };
		0388B00A20DC177A005F6A7C /* PacoteViagem.swift in Sources */ = {isa = PBXBuildFile; fileRef = 0388B00920DC177A005F6A7C /* PacoteViagem.swift */; };
		0388B01F20DC19EF005F6A7C /* icon_back.png in Resources */ = {isa = PBXBuildFile; fileRef = 0388B00E20DC19EF005F6A7C /* icon_back.png */; };
		0388B02020DC19EF005F6A7C /* icon_search@2x.png in Resources */ = {isa = PBXBuildFile; fileRef = 0388B00F20DC19EF005F6A7C /* icon_search@2x.png */; };
		0388B02120DC19EF005F6A7C /* icon_package@2x.png in Resources */ = {isa = PBXBuildFile; fileRef = 0388B01020DC19EF005F6A7C /* icon_package@2x.png */; };
		0388B02220DC19EF005F6A7C /* img9.jpg in Resources */ = {isa = PBXBuildFile; fileRef = 0388B01120DC19EF005F6A7C /* img9.jpg */; };
		0388B02320DC19EF005F6A7C /* img8.jpg in Resources */ = {isa = PBXBuildFile; fileRef = 0388B01220DC19EF005F6A7C /* img8.jpg */; };
		0388B02420DC19EF005F6A7C /* icon_airplane.png in Resources */ = {isa = PBXBuildFile; fileRef = 0388B01320DC19EF005F6A7C /* icon_airplane.png */; };
		0388B02520DC19EF005F6A7C /* img5.jpg in Resources */ = {isa = PBXBuildFile; fileRef = 0388B01420DC19EF005F6A7C /* img5.jpg */; };
		0388B02620DC19EF005F6A7C /* img4.jpg in Resources */ = {isa = PBXBuildFile; fileRef = 0388B01520DC19EF005F6A7C /* img4.jpg */; };
		0388B02720DC19EF005F6A7C /* img6.jpg in Resources */ = {isa = PBXBuildFile; fileRef = 0388B01620DC19EF005F6A7C /* img6.jpg */; };
		0388B02820DC19EF005F6A7C /* img7.jpg in Resources */ = {isa = PBXBuildFile; fileRef = 0388B01720DC19EF005F6A7C /* img7.jpg */; };
		0388B02920DC19EF005F6A7C /* img3.jpg in Resources */ = {isa = PBXBuildFile; fileRef = 0388B01820DC19EF005F6A7C /* img3.jpg */; };
		0388B02A20DC19EF005F6A7C /* img2.jpg in Resources */ = {isa = PBXBuildFile; fileRef = 0388B01920DC19EF005F6A7C /* img2.jpg */; };
		0388B02B20DC19EF005F6A7C /* icon_breakfast.png in Resources */ = {isa = PBXBuildFile; fileRef = 0388B01A20DC19EF005F6A7C /* icon_breakfast.png */; };
		0388B02C20DC19EF005F6A7C /* img1.png in Resources */ = {isa = PBXBuildFile; fileRef = 0388B01B20DC19EF005F6A7C /* img1.png */; };
		0388B02D20DC19EF005F6A7C /* img11.jpg in Resources */ = {isa = PBXBuildFile; fileRef = 0388B01C20DC19EF005F6A7C /* img11.jpg */; };
		0388B02E20DC19EF005F6A7C /* img10.jpg in Resources */ = {isa = PBXBuildFile; fileRef = 0388B01D20DC19EF005F6A7C /* img10.jpg */; };
		0388B02F20DC19EF005F6A7C /* icon_hotel.png in Resources */ = {isa = PBXBuildFile; fileRef = 0388B01E20DC19EF005F6A7C /* icon_hotel.png */; };
		3A10F9D4221AF7B000B446EF /* splash-screen.png in Resources */ = {isa = PBXBuildFile; fileRef = 3A10F9D3221AF7B000B446EF /* splash-screen.png */; };
		3A1E79B3221EFC86006EDD1D /* FavoritosCollectionViewCell.swift in Sources */ = {isa = PBXBuildFile; fileRef = 3A1E79B2221EFC86006EDD1D /* FavoritosCollectionViewCell.swift */; };
		3A2098D7221C969B0014F30B /* MapaViewController.swift in Sources */ = {isa = PBXBuildFile; fileRef = 3A2098D6221C969B0014F30B /* MapaViewController.swift */; };
		3A2098D9221C97C60014F30B /* Pino.swift in Sources */ = {isa = PBXBuildFile; fileRef = 3A2098D8221C97C60014F30B /* Pino.swift */; };
		3A2098DC221C981C0014F30B /* Localizacao.swift in Sources */ = {isa = PBXBuildFile; fileRef = 3A2098DB221C981C0014F30B /* Localizacao.swift */; };
		3AC635F6221D86E600913845 /* PacoteViagemDAO.swift in Sources */ = {isa = PBXBuildFile; fileRef = 3AC635F5221D86E600913845 /* PacoteViagemDAO.swift */; };
		3AC635FA221D93B200913845 /* FavoritosViewController.swift in Sources */ = {isa = PBXBuildFile; fileRef = 3AC635F9221D93B200913845 /* FavoritosViewController.swift */; };
		3AC63604221D9DAF00913845 /* empty_star.png in Resources */ = {isa = PBXBuildFile; fileRef = 3AC63601221D9DAF00913845 /* empty_star.png */; };
		3AC63605221D9DAF00913845 /* star.png in Resources */ = {isa = PBXBuildFile; fileRef = 3AC63602221D9DAF00913845 /* star.png */; };
		3AC63606221D9DAF00913845 /* full_star.png in Resources */ = {isa = PBXBuildFile; fileRef = 3AC63603221D9DAF00913845 /* full_star.png */; };
		3AE285F9221C1D2F00AAF3BC /* ViagemAPI.swift in Sources */ = {isa = PBXBuildFile; fileRef = 3AE285F8221C1D2F00AAF3BC /* ViagemAPI.swift */; };
		3AE285FB221C307800AAF3BC /* PacoteViagemAPI.swift in Sources */ = {isa = PBXBuildFile; fileRef = 3AE285FA221C307800AAF3BC /* PacoteViagemAPI.swift */; };
		E1A4EAF914F69EBB626BB7E4 /* Pods_Alura_Viagens.framework in Frameworks */ = {isa = PBXBuildFile; fileRef = D11A61E7B785F972BC7A5E09 /* Pods_Alura_Viagens.framework */; };
/* End PBXBuildFile section */

/* Begin PBXFileReference section */
		030997B420E12DF0009ECA38 /* PacotesViagensViewController.swift */ = {isa = PBXFileReference; lastKnownFileType = sourcecode.swift; path = PacotesViagensViewController.swift; sourceTree = "<group>"; };
		030B69CE20E153BA006B5424 /* DetalhesViagemViewController.swift */ = {isa = PBXFileReference; lastKnownFileType = sourcecode.swift; path = DetalhesViagemViewController.swift; sourceTree = "<group>"; };
		036A96D020E168DB002EC6AA /* ConfirmacaoPagamentoViewController.swift */ = {isa = PBXFileReference; lastKnownFileType = sourcecode.swift; path = ConfirmacaoPagamentoViewController.swift; sourceTree = "<group>"; };
		03715B2120DC050800F2250A /* Alura Viagens.app */ = {isa = PBXFileReference; explicitFileType = wrapper.application; includeInIndex = 0; path = "Alura Viagens.app"; sourceTree = BUILT_PRODUCTS_DIR; };
		03715B2420DC050800F2250A /* AppDelegate.swift */ = {isa = PBXFileReference; lastKnownFileType = sourcecode.swift; path = AppDelegate.swift; sourceTree = "<group>"; };
		03715B2920DC050800F2250A /* Base */ = {isa = PBXFileReference; lastKnownFileType = file.storyboard; name = Base; path = Base.lproj/Main.storyboard; sourceTree = "<group>"; };
		03715B2C20DC050800F2250A /* Alura_Viagens.xcdatamodel */ = {isa = PBXFileReference; lastKnownFileType = wrapper.xcdatamodel; path = Alura_Viagens.xcdatamodel; sourceTree = "<group>"; };
		03715B2E20DC050A00F2250A /* Assets.xcassets */ = {isa = PBXFileReference; lastKnownFileType = folder.assetcatalog; path = Assets.xcassets; sourceTree = "<group>"; };
		03715B3120DC050A00F2250A /* Base */ = {isa = PBXFileReference; lastKnownFileType = file.storyboard; name = Base; path = Base.lproj/LaunchScreen.storyboard; sourceTree = "<group>"; };
		03715B3320DC050A00F2250A /* Info.plist */ = {isa = PBXFileReference; lastKnownFileType = text.plist.xml; path = Info.plist; sourceTree = "<group>"; };
		03715B3E20DC06BB00F2250A /* ViewController.swift */ = {isa = PBXFileReference; lastKnownFileType = sourcecode.swift; path = ViewController.swift; sourceTree = "<group>"; };
		0388B00320DC153D005F6A7C /* TableViewCell.swift */ = {isa = PBXFileReference; lastKnownFileType = sourcecode.swift; path = TableViewCell.swift; sourceTree = "<group>"; };
		0388B00520DC156E005F6A7C /* PacotesCollectionViewCell.swift */ = {isa = PBXFileReference; lastKnownFileType = sourcecode.swift; path = PacotesCollectionViewCell.swift; sourceTree = "<group>"; };
		0388B00720DC1763005F6A7C /* Viagem.swift */ = {isa = PBXFileReference; lastKnownFileType = sourcecode.swift; path = Viagem.swift; sourceTree = "<group>"; };
		0388B00920DC177A005F6A7C /* PacoteViagem.swift */ = {isa = PBXFileReference; lastKnownFileType = sourcecode.swift; path = PacoteViagem.swift; sourceTree = "<group>"; };
		0388B00E20DC19EF005F6A7C /* icon_back.png */ = {isa = PBXFileReference; lastKnownFileType = image.png; path = icon_back.png; sourceTree = "<group>"; };
		0388B00F20DC19EF005F6A7C /* icon_search@2x.png */ = {isa = PBXFileReference; lastKnownFileType = image.png; path = "icon_search@2x.png"; sourceTree = "<group>"; };
		0388B01020DC19EF005F6A7C /* icon_package@2x.png */ = {isa = PBXFileReference; lastKnownFileType = image.png; path = "icon_package@2x.png"; sourceTree = "<group>"; };
		0388B01120DC19EF005F6A7C /* img9.jpg */ = {isa = PBXFileReference; lastKnownFileType = image.jpeg; path = img9.jpg; sourceTree = "<group>"; };
		0388B01220DC19EF005F6A7C /* img8.jpg */ = {isa = PBXFileReference; lastKnownFileType = image.jpeg; path = img8.jpg; sourceTree = "<group>"; };
		0388B01320DC19EF005F6A7C /* icon_airplane.png */ = {isa = PBXFileReference; lastKnownFileType = image.png; path = icon_airplane.png; sourceTree = "<group>"; };
		0388B01420DC19EF005F6A7C /* img5.jpg */ = {isa = PBXFileReference; lastKnownFileType = image.jpeg; path = img5.jpg; sourceTree = "<group>"; };
		0388B01520DC19EF005F6A7C /* img4.jpg */ = {isa = PBXFileReference; lastKnownFileType = image.jpeg; path = img4.jpg; sourceTree = "<group>"; };
		0388B01620DC19EF005F6A7C /* img6.jpg */ = {isa = PBXFileReference; lastKnownFileType = image.jpeg; path = img6.jpg; sourceTree = "<group>"; };
		0388B01720DC19EF005F6A7C /* img7.jpg */ = {isa = PBXFileReference; lastKnownFileType = image.jpeg; path = img7.jpg; sourceTree = "<group>"; };
		0388B01820DC19EF005F6A7C /* img3.jpg */ = {isa = PBXFileReference; lastKnownFileType = image.jpeg; path = img3.jpg; sourceTree = "<group>"; };
		0388B01920DC19EF005F6A7C /* img2.jpg */ = {isa = PBXFileReference; lastKnownFileType = image.jpeg; path = img2.jpg; sourceTree = "<group>"; };
		0388B01A20DC19EF005F6A7C /* icon_breakfast.png */ = {isa = PBXFileReference; lastKnownFileType = image.png; path = icon_breakfast.png; sourceTree = "<group>"; };
		0388B01B20DC19EF005F6A7C /* img1.png */ = {isa = PBXFileReference; lastKnownFileType = image.png; path = img1.png; sourceTree = "<group>"; };
		0388B01C20DC19EF005F6A7C /* img11.jpg */ = {isa = PBXFileReference; lastKnownFileType = image.jpeg; path = img11.jpg; sourceTree = "<group>"; };
		0388B01D20DC19EF005F6A7C /* img10.jpg */ = {isa = PBXFileReference; lastKnownFileType = image.jpeg; path = img10.jpg; sourceTree = "<group>"; };
		0388B01E20DC19EF005F6A7C /* icon_hotel.png */ = {isa = PBXFileReference; lastKnownFileType = image.png; path = icon_hotel.png; sourceTree = "<group>"; };
		3A10F9D3221AF7B000B446EF /* splash-screen.png */ = {isa = PBXFileReference; lastKnownFileType = image.png; path = "splash-screen.png"; sourceTree = "<group>"; };
		3A1E79B2221EFC86006EDD1D /* FavoritosCollectionViewCell.swift */ = {isa = PBXFileReference; lastKnownFileType = sourcecode.swift; path = FavoritosCollectionViewCell.swift; sourceTree = "<group>"; };
		3A2098D6221C969B0014F30B /* MapaViewController.swift */ = {isa = PBXFileReference; lastKnownFileType = sourcecode.swift; path = MapaViewController.swift; sourceTree = "<group>"; };
		3A2098D8221C97C60014F30B /* Pino.swift */ = {isa = PBXFileReference; lastKnownFileType = sourcecode.swift; path = Pino.swift; sourceTree = "<group>"; };
		3A2098DB221C981C0014F30B /* Localizacao.swift */ = {isa = PBXFileReference; lastKnownFileType = sourcecode.swift; path = Localizacao.swift; sourceTree = "<group>"; };
		3AC635F5221D86E600913845 /* PacoteViagemDAO.swift */ = {isa = PBXFileReference; lastKnownFileType = sourcecode.swift; path = PacoteViagemDAO.swift; sourceTree = "<group>"; };
		3AC635F9221D93B200913845 /* FavoritosViewController.swift */ = {isa = PBXFileReference; lastKnownFileType = sourcecode.swift; path = FavoritosViewController.swift; sourceTree = "<group>"; };
		3AC63601221D9DAF00913845 /* empty_star.png */ = {isa = PBXFileReference; lastKnownFileType = image.png; path = empty_star.png; sourceTree = "<group>"; };
		3AC63602221D9DAF00913845 /* star.png */ = {isa = PBXFileReference; lastKnownFileType = image.png; path = star.png; sourceTree = "<group>"; };
		3AC63603221D9DAF00913845 /* full_star.png */ = {isa = PBXFileReference; lastKnownFileType = image.png; path = full_star.png; sourceTree = "<group>"; };
		3AE285F8221C1D2F00AAF3BC /* ViagemAPI.swift */ = {isa = PBXFileReference; lastKnownFileType = sourcecode.swift; path = ViagemAPI.swift; sourceTree = "<group>"; };
		3AE285FA221C307800AAF3BC /* PacoteViagemAPI.swift */ = {isa = PBXFileReference; lastKnownFileType = sourcecode.swift; path = PacoteViagemAPI.swift; sourceTree = "<group>"; };
		61B9CA8F9554F28162D6C76D /* Pods-Alura Viagens.release.xcconfig */ = {isa = PBXFileReference; includeInIndex = 1; lastKnownFileType = text.xcconfig; name = "Pods-Alura Viagens.release.xcconfig"; path = "Target Support Files/Pods-Alura Viagens/Pods-Alura Viagens.release.xcconfig"; sourceTree = "<group>"; };
		7A3AB9904E1312E95289F348 /* Pods-Alura Viagens.debug.xcconfig */ = {isa = PBXFileReference; includeInIndex = 1; lastKnownFileType = text.xcconfig; name = "Pods-Alura Viagens.debug.xcconfig"; path = "Target Support Files/Pods-Alura Viagens/Pods-Alura Viagens.debug.xcconfig"; sourceTree = "<group>"; };
		D11A61E7B785F972BC7A5E09 /* Pods_Alura_Viagens.framework */ = {isa = PBXFileReference; explicitFileType = wrapper.framework; includeInIndex = 0; path = Pods_Alura_Viagens.framework; sourceTree = BUILT_PRODUCTS_DIR; };
/* End PBXFileReference section */

/* Begin PBXFrameworksBuildPhase section */
		03715B1E20DC050800F2250A /* Frameworks */ = {
			isa = PBXFrameworksBuildPhase;
			buildActionMask = 2147483647;
			files = (
				E1A4EAF914F69EBB626BB7E4 /* Pods_Alura_Viagens.framework in Frameworks */,
			);
			runOnlyForDeploymentPostprocessing = 0;
		};
/* End PBXFrameworksBuildPhase section */

/* Begin PBXGroup section */
		03715B1820DC050800F2250A = {
			isa = PBXGroup;
			children = (
				03715B2320DC050800F2250A /* Alura Viagens */,
				03715B2220DC050800F2250A /* Products */,
				23EE104523664FD671C420F7 /* Pods */,
				08277B4B3E127D4DFCC1DAE1 /* Frameworks */,
			);
			sourceTree = "<group>";
		};
		03715B2220DC050800F2250A /* Products */ = {
			isa = PBXGroup;
			children = (
				03715B2120DC050800F2250A /* Alura Viagens.app */,
			);
			name = Products;
			sourceTree = "<group>";
		};
		03715B2320DC050800F2250A /* Alura Viagens */ = {
			isa = PBXGroup;
			children = (
				03715B2420DC050800F2250A /* AppDelegate.swift */,
				3AE285ED221C1C4800AAF3BC /* Viagem */,
				3AE285F1221C1C8300AAF3BC /* Pacotes Viagens */,
				3AC635F7221D934D00913845 /* Favoritos */,
				3AE285F5221C1CD900AAF3BC /* Detalhes Viagem */,
				03715B3B20DC057900F2250A /* Pagamento */,
				3A2098D3221C96600014F30B /* Mapa */,
				0388B00D20DC19EF005F6A7C /* Assets */,
				03715B2820DC050800F2250A /* Main.storyboard */,
				03715B2E20DC050A00F2250A /* Assets.xcassets */,
				03715B3020DC050A00F2250A /* LaunchScreen.storyboard */,
				03715B3320DC050A00F2250A /* Info.plist */,
				03715B2B20DC050800F2250A /* Alura_Viagens.xcdatamodeld */,
			);
			path = "Alura Viagens";
			sourceTree = "<group>";
		};
		03715B3B20DC057900F2250A /* Pagamento */ = {
			isa = PBXGroup;
			children = (
				3AE285F7221C1D0B00AAF3BC /* Controllers */,
			);
			path = Pagamento;
			sourceTree = "<group>";
		};
		0388B00D20DC19EF005F6A7C /* Assets */ = {
			isa = PBXGroup;
			children = (
				3A10F9D2221AF75500B446EF /* icons */,
				3A10F9D1221AF73D00B446EF /* images */,
			);
			path = Assets;
			sourceTree = "<group>";
		};
		08277B4B3E127D4DFCC1DAE1 /* Frameworks */ = {
			isa = PBXGroup;
			children = (
				D11A61E7B785F972BC7A5E09 /* Pods_Alura_Viagens.framework */,
			);
			name = Frameworks;
			sourceTree = "<group>";
		};
		23EE104523664FD671C420F7 /* Pods */ = {
			isa = PBXGroup;
			children = (
				7A3AB9904E1312E95289F348 /* Pods-Alura Viagens.debug.xcconfig */,
				61B9CA8F9554F28162D6C76D /* Pods-Alura Viagens.release.xcconfig */,
			);
			path = Pods;
			sourceTree = "<group>";
		};
		3A10F9D1221AF73D00B446EF /* images */ = {
			isa = PBXGroup;
			children = (
				0388B01120DC19EF005F6A7C /* img9.jpg */,
				0388B01220DC19EF005F6A7C /* img8.jpg */,
				0388B01420DC19EF005F6A7C /* img5.jpg */,
				0388B01520DC19EF005F6A7C /* img4.jpg */,
				0388B01620DC19EF005F6A7C /* img6.jpg */,
				0388B01720DC19EF005F6A7C /* img7.jpg */,
				0388B01820DC19EF005F6A7C /* img3.jpg */,
				0388B01920DC19EF005F6A7C /* img2.jpg */,
				0388B01B20DC19EF005F6A7C /* img1.png */,
				0388B01C20DC19EF005F6A7C /* img11.jpg */,
				0388B01D20DC19EF005F6A7C /* img10.jpg */,
				3A10F9D3221AF7B000B446EF /* splash-screen.png */,
			);
			path = images;
			sourceTree = "<group>";
		};
		3A10F9D2221AF75500B446EF /* icons */ = {
			isa = PBXGroup;
			children = (
				3AC63601221D9DAF00913845 /* empty_star.png */,
				3AC63603221D9DAF00913845 /* full_star.png */,
				3AC63602221D9DAF00913845 /* star.png */,
				0388B00E20DC19EF005F6A7C /* icon_back.png */,
				0388B00F20DC19EF005F6A7C /* icon_search@2x.png */,
				0388B01020DC19EF005F6A7C /* icon_package@2x.png */,
				0388B01320DC19EF005F6A7C /* icon_airplane.png */,
				0388B01A20DC19EF005F6A7C /* icon_breakfast.png */,
				0388B01E20DC19EF005F6A7C /* icon_hotel.png */,
			);
			path = icons;
			sourceTree = "<group>";
		};
		3A1E79B1221EFC5C006EDD1D /* View */ = {
			isa = PBXGroup;
			children = (
				3A1E79B2221EFC86006EDD1D /* FavoritosCollectionViewCell.swift */,
			);
			path = View;
			sourceTree = "<group>";
		};
		3A2098D3221C96600014F30B /* Mapa */ = {
			isa = PBXGroup;
			children = (
				3A2098DA221C980A0014F30B /* Components */,
				3A2098D4221C96710014F30B /* Model */,
				3A2098D5221C96780014F30B /* Controllers */,
			);
			path = Mapa;
			sourceTree = "<group>";
		};
		3A2098D4221C96710014F30B /* Model */ = {
			isa = PBXGroup;
			children = (
				3A2098D8221C97C60014F30B /* Pino.swift */,
			);
			path = Model;
			sourceTree = "<group>";
		};
		3A2098D5221C96780014F30B /* Controllers */ = {
			isa = PBXGroup;
			children = (
				3A2098D6221C969B0014F30B /* MapaViewController.swift */,
			);
			path = Controllers;
			sourceTree = "<group>";
		};
		3A2098DA221C980A0014F30B /* Components */ = {
			isa = PBXGroup;
			children = (
				3A2098DB221C981C0014F30B /* Localizacao.swift */,
			);
			path = Components;
			sourceTree = "<group>";
		};
		3AC635F7221D934D00913845 /* Favoritos */ = {
			isa = PBXGroup;
			children = (
				3A1E79B1221EFC5C006EDD1D /* View */,
				3AC635F8221D939900913845 /* Controllers */,
			);
			path = Favoritos;
			sourceTree = "<group>";
		};
		3AC635F8221D939900913845 /* Controllers */ = {
			isa = PBXGroup;
			children = (
				3AC635F9221D93B200913845 /* FavoritosViewController.swift */,
			);
			path = Controllers;
			sourceTree = "<group>";
		};
		3AE285ED221C1C4800AAF3BC /* Viagem */ = {
			isa = PBXGroup;
			children = (
				3AE285F0221C1C6800AAF3BC /* Model */,
				3AE285EF221C1C6200AAF3BC /* View */,
				3AE285EE221C1C5500AAF3BC /* Controllers */,
			);
			path = Viagem;
			sourceTree = "<group>";
		};
		3AE285EE221C1C5500AAF3BC /* Controllers */ = {
			isa = PBXGroup;
			children = (
				03715B3E20DC06BB00F2250A /* ViewController.swift */,
			);
			path = Controllers;
			sourceTree = "<group>";
		};
		3AE285EF221C1C6200AAF3BC /* View */ = {
			isa = PBXGroup;
			children = (
				0388B00320DC153D005F6A7C /* TableViewCell.swift */,
			);
			path = View;
			sourceTree = "<group>";
		};
		3AE285F0221C1C6800AAF3BC /* Model */ = {
			isa = PBXGroup;
			children = (
				0388B00720DC1763005F6A7C /* Viagem.swift */,
				3AE285F8221C1D2F00AAF3BC /* ViagemAPI.swift */,
			);
			path = Model;
			sourceTree = "<group>";
		};
		3AE285F1221C1C8300AAF3BC /* Pacotes Viagens */ = {
			isa = PBXGroup;
			children = (
				3AE285F4221C1CAF00AAF3BC /* Model */,
				3AE285F3221C1CA700AAF3BC /* View */,
				3AE285F2221C1C9E00AAF3BC /* Controllers */,
			);
			path = "Pacotes Viagens";
			sourceTree = "<group>";
		};
		3AE285F2221C1C9E00AAF3BC /* Controllers */ = {
			isa = PBXGroup;
			children = (
				030997B420E12DF0009ECA38 /* PacotesViagensViewController.swift */,
			);
			path = Controllers;
			sourceTree = "<group>";
		};
		3AE285F3221C1CA700AAF3BC /* View */ = {
			isa = PBXGroup;
			children = (
				0388B00520DC156E005F6A7C /* PacotesCollectionViewCell.swift */,
			);
			path = View;
			sourceTree = "<group>";
		};
		3AE285F4221C1CAF00AAF3BC /* Model */ = {
			isa = PBXGroup;
			children = (
				0388B00920DC177A005F6A7C /* PacoteViagem.swift */,
				3AE285FA221C307800AAF3BC /* PacoteViagemAPI.swift */,
				3AC635F5221D86E600913845 /* PacoteViagemDAO.swift */,
			);
			path = Model;
			sourceTree = "<group>";
		};
		3AE285F5221C1CD900AAF3BC /* Detalhes Viagem */ = {
			isa = PBXGroup;
			children = (
				3AE285F6221C1CFD00AAF3BC /* Controllers */,
			);
			path = "Detalhes Viagem";
			sourceTree = "<group>";
		};
		3AE285F6221C1CFD00AAF3BC /* Controllers */ = {
			isa = PBXGroup;
			children = (
				030B69CE20E153BA006B5424 /* DetalhesViagemViewController.swift */,
			);
			path = Controllers;
			sourceTree = "<group>";
		};
		3AE285F7221C1D0B00AAF3BC /* Controllers */ = {
			isa = PBXGroup;
			children = (
				036A96D020E168DB002EC6AA /* ConfirmacaoPagamentoViewController.swift */,
			);
			path = Controllers;
			sourceTree = "<group>";
		};
/* End PBXGroup section */

/* Begin PBXNativeTarget section */
		03715B2020DC050800F2250A /* Alura Viagens */ = {
			isa = PBXNativeTarget;
			buildConfigurationList = 03715B3620DC050A00F2250A /* Build configuration list for PBXNativeTarget "Alura Viagens" */;
			buildPhases = (
				7D3D6FEA51CF8305014607A1 /* [CP] Check Pods Manifest.lock */,
				03715B1D20DC050800F2250A /* Sources */,
				03715B1E20DC050800F2250A /* Frameworks */,
				03715B1F20DC050800F2250A /* Resources */,
				B1E590F0FEA9E2032FB51CE2 /* [CP] Embed Pods Frameworks */,
			);
			buildRules = (
			);
			dependencies = (
			);
			name = "Alura Viagens";
			productName = "Alura Viagens";
			productReference = 03715B2120DC050800F2250A /* Alura Viagens.app */;
			productType = "com.apple.product-type.application";
		};
/* End PBXNativeTarget section */

/* Begin PBXProject section */
		03715B1920DC050800F2250A /* Project object */ = {
			isa = PBXProject;
			attributes = {
				LastSwiftUpdateCheck = 0940;
				LastUpgradeCheck = 0940;
				ORGANIZATIONNAME = Alura;
				TargetAttributes = {
					03715B2020DC050800F2250A = {
						CreatedOnToolsVersion = 9.4.1;
					};
				};
			};
			buildConfigurationList = 03715B1C20DC050800F2250A /* Build configuration list for PBXProject "Alura Viagens" */;
			compatibilityVersion = "Xcode 9.3";
			developmentRegion = en;
			hasScannedForEncodings = 0;
			knownRegions = (
				en,
				Base,
			);
			mainGroup = 03715B1820DC050800F2250A;
			productRefGroup = 03715B2220DC050800F2250A /* Products */;
			projectDirPath = "";
			projectRoot = "";
			targets = (
				03715B2020DC050800F2250A /* Alura Viagens */,
			);
		};
/* End PBXProject section */

/* Begin PBXResourcesBuildPhase section */
		03715B1F20DC050800F2250A /* Resources */ = {
			isa = PBXResourcesBuildPhase;
			buildActionMask = 2147483647;
			files = (
				0388B02B20DC19EF005F6A7C /* icon_breakfast.png in Resources */,
				3AC63604221D9DAF00913845 /* empty_star.png in Resources */,
				0388B02120DC19EF005F6A7C /* icon_package@2x.png in Resources */,
				0388B02A20DC19EF005F6A7C /* img2.jpg in Resources */,
				3A10F9D4221AF7B000B446EF /* splash-screen.png in Resources */,
				0388B02620DC19EF005F6A7C /* img4.jpg in Resources */,
				0388B02520DC19EF005F6A7C /* img5.jpg in Resources */,
				0388B02920DC19EF005F6A7C /* img3.jpg in Resources */,
				03715B3220DC050A00F2250A /* LaunchScreen.storyboard in Resources */,
				0388B02C20DC19EF005F6A7C /* img1.png in Resources */,
				0388B01F20DC19EF005F6A7C /* icon_back.png in Resources */,
				3AC63605221D9DAF00913845 /* star.png in Resources */,
				03715B2F20DC050A00F2250A /* Assets.xcassets in Resources */,
				0388B02320DC19EF005F6A7C /* img8.jpg in Resources */,
				0388B02820DC19EF005F6A7C /* img7.jpg in Resources */,
				03715B2A20DC050800F2250A /* Main.storyboard in Resources */,
				0388B02E20DC19EF005F6A7C /* img10.jpg in Resources */,
				0388B02020DC19EF005F6A7C /* icon_search@2x.png in Resources */,
				0388B02420DC19EF005F6A7C /* icon_airplane.png in Resources */,
				0388B02720DC19EF005F6A7C /* img6.jpg in Resources */,
				3AC63606221D9DAF00913845 /* full_star.png in Resources */,
				0388B02F20DC19EF005F6A7C /* icon_hotel.png in Resources */,
				0388B02220DC19EF005F6A7C /* img9.jpg in Resources */,
				0388B02D20DC19EF005F6A7C /* img11.jpg in Resources */,
			);
			runOnlyForDeploymentPostprocessing = 0;
		};
/* End PBXResourcesBuildPhase section */

/* Begin PBXShellScriptBuildPhase section */
		7D3D6FEA51CF8305014607A1 /* [CP] Check Pods Manifest.lock */ = {
			isa = PBXShellScriptBuildPhase;
			buildActionMask = 2147483647;
			files = (
			);
			inputFileListPaths = (
			);
			inputPaths = (
				"${PODS_PODFILE_DIR_PATH}/Podfile.lock",
				"${PODS_ROOT}/Manifest.lock",
			);
			name = "[CP] Check Pods Manifest.lock";
			outputFileListPaths = (
			);
			outputPaths = (
				"$(DERIVED_FILE_DIR)/Pods-Alura Viagens-checkManifestLockResult.txt",
			);
			runOnlyForDeploymentPostprocessing = 0;
			shellPath = /bin/sh;
			shellScript = "diff \"${PODS_PODFILE_DIR_PATH}/Podfile.lock\" \"${PODS_ROOT}/Manifest.lock\" > /dev/null\nif [ $? != 0 ] ; then\n    # print error to STDERR\n    echo \"error: The sandbox is not in sync with the Podfile.lock. Run 'pod install' or update your CocoaPods installation.\" >&2\n    exit 1\nfi\n# This output is used by Xcode 'outputs' to avoid re-running this script phase.\necho \"SUCCESS\" > \"${SCRIPT_OUTPUT_FILE_0}\"\n";
			showEnvVarsInLog = 0;
		};
		B1E590F0FEA9E2032FB51CE2 /* [CP] Embed Pods Frameworks */ = {
			isa = PBXShellScriptBuildPhase;
			buildActionMask = 2147483647;
			files = (
			);
			inputFileListPaths = (
			);
			inputPaths = (
				"${PODS_ROOT}/Target Support Files/Pods-Alura Viagens/Pods-Alura Viagens-frameworks.sh",
				"${BUILT_PRODUCTS_DIR}/Alamofire/Alamofire.framework",
				"${BUILT_PRODUCTS_DIR}/AlamofireImage/AlamofireImage.framework",
			);
			name = "[CP] Embed Pods Frameworks";
			outputFileListPaths = (
			);
			outputPaths = (
				"${TARGET_BUILD_DIR}/${FRAMEWORKS_FOLDER_PATH}/Alamofire.framework",
				"${TARGET_BUILD_DIR}/${FRAMEWORKS_FOLDER_PATH}/AlamofireImage.framework",
			);
			runOnlyForDeploymentPostprocessing = 0;
			shellPath = /bin/sh;
			shellScript = "\"${PODS_ROOT}/Target Support Files/Pods-Alura Viagens/Pods-Alura Viagens-frameworks.sh\"\n";
			showEnvVarsInLog = 0;
		};
/* End PBXShellScriptBuildPhase section */

/* Begin PBXSourcesBuildPhase section */
		03715B1D20DC050800F2250A /* Sources */ = {
			isa = PBXSourcesBuildPhase;
			buildActionMask = 2147483647;
			files = (
				030997B520E12DF0009ECA38 /* PacotesViagensViewController.swift in Sources */,
				3AC635FA221D93B200913845 /* FavoritosViewController.swift in Sources */,
				3A2098D9221C97C60014F30B /* Pino.swift in Sources */,
				030B69CF20E153BA006B5424 /* DetalhesViagemViewController.swift in Sources */,
				3A2098D7221C969B0014F30B /* MapaViewController.swift in Sources */,
				0388B00420DC153D005F6A7C /* TableViewCell.swift in Sources */,
				0388B00A20DC177A005F6A7C /* PacoteViagem.swift in Sources */,
				036A96D120E168DB002EC6AA /* ConfirmacaoPagamentoViewController.swift in Sources */,
				0388B00620DC156E005F6A7C /* PacotesCollectionViewCell.swift in Sources */,
				03715B3F20DC06BB00F2250A /* ViewController.swift in Sources */,
				3AC635F6221D86E600913845 /* PacoteViagemDAO.swift in Sources */,
				3AE285F9221C1D2F00AAF3BC /* ViagemAPI.swift in Sources */,
				3A1E79B3221EFC86006EDD1D /* FavoritosCollectionViewCell.swift in Sources */,
				03715B2520DC050800F2250A /* AppDelegate.swift in Sources */,
				3AE285FB221C307800AAF3BC /* PacoteViagemAPI.swift in Sources */,
				0388B00820DC1763005F6A7C /* Viagem.swift in Sources */,
				03715B2D20DC050800F2250A /* Alura_Viagens.xcdatamodeld in Sources */,
				3A2098DC221C981C0014F30B /* Localizacao.swift in Sources */,
			);
			runOnlyForDeploymentPostprocessing = 0;
		};
/* End PBXSourcesBuildPhase section */

/* Begin PBXVariantGroup section */
		03715B2820DC050800F2250A /* Main.storyboard */ = {
			isa = PBXVariantGroup;
			children = (
				03715B2920DC050800F2250A /* Base */,
			);
			name = Main.storyboard;
			sourceTree = "<group>";
		};
		03715B3020DC050A00F2250A /* LaunchScreen.storyboard */ = {
			isa = PBXVariantGroup;
			children = (
				03715B3120DC050A00F2250A /* Base */,
			);
			name = LaunchScreen.storyboard;
			sourceTree = "<group>";
		};
/* End PBXVariantGroup section */

/* Begin XCBuildConfiguration section */
		03715B3420DC050A00F2250A /* Debug */ = {
			isa = XCBuildConfiguration;
			buildSettings = {
				ALWAYS_SEARCH_USER_PATHS = NO;
				CLANG_ANALYZER_NONNULL = YES;
				CLANG_ANALYZER_NUMBER_OBJECT_CONVERSION = YES_AGGRESSIVE;
				CLANG_CXX_LANGUAGE_STANDARD = "gnu++14";
				CLANG_CXX_LIBRARY = "libc++";
				CLANG_ENABLE_MODULES = YES;
				CLANG_ENABLE_OBJC_ARC = YES;
				CLANG_ENABLE_OBJC_WEAK = YES;
				CLANG_WARN_BLOCK_CAPTURE_AUTORELEASING = YES;
				CLANG_WARN_BOOL_CONVERSION = YES;
				CLANG_WARN_COMMA = YES;
				CLANG_WARN_CONSTANT_CONVERSION = YES;
				CLANG_WARN_DEPRECATED_OBJC_IMPLEMENTATIONS = YES;
				CLANG_WARN_DIRECT_OBJC_ISA_USAGE = YES_ERROR;
				CLANG_WARN_DOCUMENTATION_COMMENTS = YES;
				CLANG_WARN_EMPTY_BODY = YES;
				CLANG_WARN_ENUM_CONVERSION = YES;
				CLANG_WARN_INFINITE_RECURSION = YES;
				CLANG_WARN_INT_CONVERSION = YES;
				CLANG_WARN_NON_LITERAL_NULL_CONVERSION = YES;
				CLANG_WARN_OBJC_IMPLICIT_RETAIN_SELF = YES;
				CLANG_WARN_OBJC_LITERAL_CONVERSION = YES;
				CLANG_WARN_OBJC_ROOT_CLASS = YES_ERROR;
				CLANG_WARN_RANGE_LOOP_ANALYSIS = YES;
				CLANG_WARN_STRICT_PROTOTYPES = YES;
				CLANG_WARN_SUSPICIOUS_MOVE = YES;
				CLANG_WARN_UNGUARDED_AVAILABILITY = YES_AGGRESSIVE;
				CLANG_WARN_UNREACHABLE_CODE = YES;
				CLANG_WARN__DUPLICATE_METHOD_MATCH = YES;
				CODE_SIGN_IDENTITY = "iPhone Developer";
				COPY_PHASE_STRIP = NO;
				DEBUG_INFORMATION_FORMAT = dwarf;
				ENABLE_STRICT_OBJC_MSGSEND = YES;
				ENABLE_TESTABILITY = YES;
				GCC_C_LANGUAGE_STANDARD = gnu11;
				GCC_DYNAMIC_NO_PIC = NO;
				GCC_NO_COMMON_BLOCKS = YES;
				GCC_OPTIMIZATION_LEVEL = 0;
				GCC_PREPROCESSOR_DEFINITIONS = (
					"DEBUG=1",
					"$(inherited)",
				);
				GCC_WARN_64_TO_32_BIT_CONVERSION = YES;
				GCC_WARN_ABOUT_RETURN_TYPE = YES_ERROR;
				GCC_WARN_UNDECLARED_SELECTOR = YES;
				GCC_WARN_UNINITIALIZED_AUTOS = YES_AGGRESSIVE;
				GCC_WARN_UNUSED_FUNCTION = YES;
				GCC_WARN_UNUSED_VARIABLE = YES;
				IPHONEOS_DEPLOYMENT_TARGET = 11.4;
				MTL_ENABLE_DEBUG_INFO = YES;
				ONLY_ACTIVE_ARCH = YES;
				SDKROOT = iphoneos;
				SWIFT_ACTIVE_COMPILATION_CONDITIONS = DEBUG;
				SWIFT_OPTIMIZATION_LEVEL = "-Onone";
			};
			name = Debug;
		};
		03715B3520DC050A00F2250A /* Release */ = {
			isa = XCBuildConfiguration;
			buildSettings = {
				ALWAYS_SEARCH_USER_PATHS = NO;
				CLANG_ANALYZER_NONNULL = YES;
				CLANG_ANALYZER_NUMBER_OBJECT_CONVERSION = YES_AGGRESSIVE;
				CLANG_CXX_LANGUAGE_STANDARD = "gnu++14";
				CLANG_CXX_LIBRARY = "libc++";
				CLANG_ENABLE_MODULES = YES;
				CLANG_ENABLE_OBJC_ARC = YES;
				CLANG_ENABLE_OBJC_WEAK = YES;
				CLANG_WARN_BLOCK_CAPTURE_AUTORELEASING = YES;
				CLANG_WARN_BOOL_CONVERSION = YES;
				CLANG_WARN_COMMA = YES;
				CLANG_WARN_CONSTANT_CONVERSION = YES;
				CLANG_WARN_DEPRECATED_OBJC_IMPLEMENTATIONS = YES;
				CLANG_WARN_DIRECT_OBJC_ISA_USAGE = YES_ERROR;
				CLANG_WARN_DOCUMENTATION_COMMENTS = YES;
				CLANG_WARN_EMPTY_BODY = YES;
				CLANG_WARN_ENUM_CONVERSION = YES;
				CLANG_WARN_INFINITE_RECURSION = YES;
				CLANG_WARN_INT_CONVERSION = YES;
				CLANG_WARN_NON_LITERAL_NULL_CONVERSION = YES;
				CLANG_WARN_OBJC_IMPLICIT_RETAIN_SELF = YES;
				CLANG_WARN_OBJC_LITERAL_CONVERSION = YES;
				CLANG_WARN_OBJC_ROOT_CLASS = YES_ERROR;
				CLANG_WARN_RANGE_LOOP_ANALYSIS = YES;
				CLANG_WARN_STRICT_PROTOTYPES = YES;
				CLANG_WARN_SUSPICIOUS_MOVE = YES;
				CLANG_WARN_UNGUARDED_AVAILABILITY = YES_AGGRESSIVE;
				CLANG_WARN_UNREACHABLE_CODE = YES;
				CLANG_WARN__DUPLICATE_METHOD_MATCH = YES;
				CODE_SIGN_IDENTITY = "iPhone Developer";
				COPY_PHASE_STRIP = NO;
				DEBUG_INFORMATION_FORMAT = "dwarf-with-dsym";
				ENABLE_NS_ASSERTIONS = NO;
				ENABLE_STRICT_OBJC_MSGSEND = YES;
				GCC_C_LANGUAGE_STANDARD = gnu11;
				GCC_NO_COMMON_BLOCKS = YES;
				GCC_WARN_64_TO_32_BIT_CONVERSION = YES;
				GCC_WARN_ABOUT_RETURN_TYPE = YES_ERROR;
				GCC_WARN_UNDECLARED_SELECTOR = YES;
				GCC_WARN_UNINITIALIZED_AUTOS = YES_AGGRESSIVE;
				GCC_WARN_UNUSED_FUNCTION = YES;
				GCC_WARN_UNUSED_VARIABLE = YES;
				IPHONEOS_DEPLOYMENT_TARGET = 11.4;
				MTL_ENABLE_DEBUG_INFO = NO;
				SDKROOT = iphoneos;
				SWIFT_COMPILATION_MODE = wholemodule;
				SWIFT_OPTIMIZATION_LEVEL = "-O";
				VALIDATE_PRODUCT = YES;
			};
			name = Release;
		};
		03715B3720DC050A00F2250A /* Debug */ = {
			isa = XCBuildConfiguration;
			baseConfigurationReference = 7A3AB9904E1312E95289F348 /* Pods-Alura Viagens.debug.xcconfig */;
			buildSettings = {
				ASSETCATALOG_COMPILER_APPICON_NAME = AppIcon;
				CODE_SIGN_STYLE = Automatic;
				DEVELOPMENT_TEAM = SR8XKY8WGM;
				INFOPLIST_FILE = "Alura Viagens/Info.plist";
				LD_RUNPATH_SEARCH_PATHS = (
					"$(inherited)",
					"@executable_path/Frameworks",
				);
				PRODUCT_BUNDLE_IDENTIFIER = "com.igormeira.Alura-Viagens";
				PRODUCT_NAME = "$(TARGET_NAME)";
				SWIFT_VERSION = 4.0;
				TARGETED_DEVICE_FAMILY = "1,2";
			};
			name = Debug;
		};
		03715B3820DC050A00F2250A /* Release */ = {
			isa = XCBuildConfiguration;
			baseConfigurationReference = 61B9CA8F9554F28162D6C76D /* Pods-Alura Viagens.release.xcconfig */;
			buildSettings = {
				ASSETCATALOG_COMPILER_APPICON_NAME = AppIcon;
				CODE_SIGN_STYLE = Automatic;
				DEVELOPMENT_TEAM = SR8XKY8WGM;
				INFOPLIST_FILE = "Alura Viagens/Info.plist";
				LD_RUNPATH_SEARCH_PATHS = (
					"$(inherited)",
					"@executable_path/Frameworks",
				);
				PRODUCT_BUNDLE_IDENTIFIER = "com.igormeira.Alura-Viagens";
				PRODUCT_NAME = "$(TARGET_NAME)";
				SWIFT_VERSION = 4.0;
				TARGETED_DEVICE_FAMILY = "1,2";
			};
			name = Release;
		};
/* End XCBuildConfiguration section */

/* Begin XCConfigurationList section */
		03715B1C20DC050800F2250A /* Build configuration list for PBXProject "Alura Viagens" */ = {
			isa = XCConfigurationList;
			buildConfigurations = (
				03715B3420DC050A00F2250A /* Debug */,
				03715B3520DC050A00F2250A /* Release */,
			);
			defaultConfigurationIsVisible = 0;
			defaultConfigurationName = Release;
		};
		03715B3620DC050A00F2250A /* Build configuration list for PBXNativeTarget "Alura Viagens" */ = {
			isa = XCConfigurationList;
			buildConfigurations = (
				03715B3720DC050A00F2250A /* Debug */,
				03715B3820DC050A00F2250A /* Release */,
			);
			defaultConfigurationIsVisible = 0;
			defaultConfigurationName = Release;
		};
/* End XCConfigurationList section */

/* Begin XCVersionGroup section */
		03715B2B20DC050800F2250A /* Alura_Viagens.xcdatamodeld */ = {
			isa = XCVersionGroup;
			children = (
				03715B2C20DC050800F2250A /* Alura_Viagens.xcdatamodel */,
			);
			currentVersion = 03715B2C20DC050800F2250A /* Alura_Viagens.xcdatamodel */;
			path = Alura_Viagens.xcdatamodeld;
			sourceTree = "<group>";
			versionGroupType = wrapper.xcdatamodel;
		};
/* End XCVersionGroup section */
	};
	rootObject = 03715B1920DC050800F2250A /* Project object */;
}
